
Microsoft Visual Studio Solution File, Format Version 12.00
# Visual Studio Version 17
VisualStudioVersion = 17.5.002.0
MinimumVisualStudioVersion = 10.0.40219.1
Project("{9A19103F-16F7-4668-BE54-9A1E7A4F7556}") = "Library", "Library\Library.csproj", "{D1351654-DA0D-47DF-98ED-1A4FAE836F8D}"
EndProject
Project("{9A19103F-16F7-4668-BE54-9A1E7A4F7556}") = "Program", "Program\Program.csproj", "{30AE32F8-5F86-4251-93DF-FE470B553A5F}"
EndProject
Project("{FAE04EC0-301F-11D3-BF4B-00C04F79EFBC}") = "Library.Tests", "..\Tests\Library.Tests\Library.Tests.csproj", "{F2737301-8524-4DE3-AF6A-20D0FBE25F58}"
EndProject
Global
	GlobalSection(SolutionConfigurationPlatforms) = preSolution
		Debug|Any CPU = Debug|Any CPU
		Release|Any CPU = Release|Any CPU
	EndGlobalSection
	GlobalSection(ProjectConfigurationPlatforms) = postSolution
		{D1351654-DA0D-47DF-98ED-1A4FAE836F8D}.Debug|Any CPU.ActiveCfg = Debug|Any CPU
		{D1351654-DA0D-47DF-98ED-1A4FAE836F8D}.Debug|Any CPU.Build.0 = Debug|Any CPU
		{D1351654-DA0D-47DF-98ED-1A4FAE836F8D}.Release|Any CPU.ActiveCfg = Release|Any CPU
		{D1351654-DA0D-47DF-98ED-1A4FAE836F8D}.Release|Any CPU.Build.0 = Release|Any CPU
		{30AE32F8-5F86-4251-93DF-FE470B553A5F}.Debug|Any CPU.ActiveCfg = Debug|Any CPU
		{30AE32F8-5F86-4251-93DF-FE470B553A5F}.Debug|Any CPU.Build.0 = Debug|Any CPU
		{30AE32F8-5F86-4251-93DF-FE470B553A5F}.Release|Any CPU.ActiveCfg = Release|Any CPU
		{30AE32F8-5F86-4251-93DF-FE470B553A5F}.Release|Any CPU.Build.0 = Release|Any CPU
		{F2737301-8524-4DE3-AF6A-20D0FBE25F58}.Debug|Any CPU.ActiveCfg = Debug|Any CPU
		{F2737301-8524-4DE3-AF6A-20D0FBE25F58}.Debug|Any CPU.Build.0 = Debug|Any CPU
		{F2737301-8524-4DE3-AF6A-20D0FBE25F58}.Release|Any CPU.ActiveCfg = Release|Any CPU
		{F2737301-8524-4DE3-AF6A-20D0FBE25F58}.Release|Any CPU.Build.0 = Release|Any CPU
	EndGlobalSection
	GlobalSection(SolutionProperties) = preSolution
		HideSolutionNode = FALSE
	EndGlobalSection
	GlobalSection(ExtensibilityGlobals) = postSolution
		SolutionGuid = {7859B952-EA4C-4E91-8C69-8F68EA94679B}
	EndGlobalSection
EndGlobal
